// !$*UTF8*$!
{
	archiveVersion = 1;
	classes = {
	};
	objectVersion = 46;
	objects = {

/* Begin PBXBuildFile section */
		B00DEE2E196A362C00DD6F61 /* Foundation.framework in Frameworks */ = {isa = PBXBuildFile; fileRef = B00DEE2D196A362C00DD6F61 /* Foundation.framework */; };
		B00DEE30196A362C00DD6F61 /* CoreGraphics.framework in Frameworks */ = {isa = PBXBuildFile; fileRef = B00DEE2F196A362C00DD6F61 /* CoreGraphics.framework */; };
		B00DEE32196A362C00DD6F61 /* UIKit.framework in Frameworks */ = {isa = PBXBuildFile; fileRef = B00DEE31196A362C00DD6F61 /* UIKit.framework */; };
		B00DEE38196A362C00DD6F61 /* InfoPlist.strings in Resources */ = {isa = PBXBuildFile; fileRef = B00DEE36196A362C00DD6F61 /* InfoPlist.strings */; };
		B00DEE3A196A362C00DD6F61 /* main.m in Sources */ = {isa = PBXBuildFile; fileRef = B00DEE39196A362C00DD6F61 /* main.m */; };
		B00DEE3E196A362C00DD6F61 /* AppDelegate.m in Sources */ = {isa = PBXBuildFile; fileRef = B00DEE3D196A362C00DD6F61 /* AppDelegate.m */; };
		B00DEE40196A362C00DD6F61 /* Images.xcassets in Resources */ = {isa = PBXBuildFile; fileRef = B00DEE3F196A362C00DD6F61 /* Images.xcassets */; };
		B00DEE47196A362C00DD6F61 /* XCTest.framework in Frameworks */ = {isa = PBXBuildFile; fileRef = B00DEE46196A362C00DD6F61 /* XCTest.framework */; };
		B00DEE48196A362C00DD6F61 /* Foundation.framework in Frameworks */ = {isa = PBXBuildFile; fileRef = B00DEE2D196A362C00DD6F61 /* Foundation.framework */; };
		B00DEE49196A362C00DD6F61 /* UIKit.framework in Frameworks */ = {isa = PBXBuildFile; fileRef = B00DEE31196A362C00DD6F61 /* UIKit.framework */; };
		B00DEE51196A362C00DD6F61 /* InfoPlist.strings in Resources */ = {isa = PBXBuildFile; fileRef = B00DEE4F196A362C00DD6F61 /* InfoPlist.strings */; };
		B00DEE53196A362C00DD6F61 /* DemoCoreAnimationTests.m in Sources */ = {isa = PBXBuildFile; fileRef = B00DEE52196A362C00DD6F61 /* DemoCoreAnimationTests.m */; };
		B00DEE5E196A364300DD6F61 /* RootVC.m in Sources */ = {isa = PBXBuildFile; fileRef = B00DEE5D196A364300DD6F61 /* RootVC.m */; };
		B0C901B8196A7426006960B9 /* FireworksView.m in Sources */ = {isa = PBXBuildFile; fileRef = B0C901B7196A7426006960B9 /* FireworksView.m */; };
		B0C901BC196A742C006960B9 /* tspark.png in Resources */ = {isa = PBXBuildFile; fileRef = B0C901B9196A742C006960B9 /* tspark.png */; };
		B0C901BD196A742C006960B9 /* fire.png in Resources */ = {isa = PBXBuildFile; fileRef = B0C901BA196A742C006960B9 /* fire.png */; };
		B0C901BE196A742C006960B9 /* smoke.png in Resources */ = {isa = PBXBuildFile; fileRef = B0C901BB196A742C006960B9 /* smoke.png */; };
/* End PBXBuildFile section */

/* Begin PBXContainerItemProxy section */
		B00DEE4A196A362C00DD6F61 /* PBXContainerItemProxy */ = {
			isa = PBXContainerItemProxy;
			containerPortal = B00DEE22196A362C00DD6F61 /* Project object */;
			proxyType = 1;
			remoteGlobalIDString = B00DEE29196A362C00DD6F61;
			remoteInfo = DemoCoreAnimation;
		};
/* End PBXContainerItemProxy section */

/* Begin PBXFileReference section */
		B00DEE2A196A362C00DD6F61 /* DemoCoreAnimation.app */ = {isa = PBXFileReference; explicitFileType = wrapper.application; includeInIndex = 0; path = DemoCoreAnimation.app; sourceTree = BUILT_PRODUCTS_DIR; };
		B00DEE2D196A362C00DD6F61 /* Foundation.framework */ = {isa = PBXFileReference; lastKnownFileType = wrapper.framework; name = Foundation.framework; path = System/Library/Frameworks/Foundation.framework; sourceTree = SDKROOT; };
		B00DEE2F196A362C00DD6F61 /* CoreGraphics.framework */ = {isa = PBXFileReference; lastKnownFileType = wrapper.framework; name = CoreGraphics.framework; path = System/Library/Frameworks/CoreGraphics.framework; sourceTree = SDKROOT; };
		B00DEE31196A362C00DD6F61 /* UIKit.framework */ = {isa = PBXFileReference; lastKnownFileType = wrapper.framework; name = UIKit.framework; path = System/Library/Frameworks/UIKit.framework; sourceTree = SDKROOT; };
		B00DEE35196A362C00DD6F61 /* DemoCoreAnimation-Info.plist */ = {isa = PBXFileReference; lastKnownFileType = text.plist.xml; path = "DemoCoreAnimation-Info.plist"; sourceTree = "<group>"; };
		B00DEE37196A362C00DD6F61 /* en */ = {isa = PBXFileReference; lastKnownFileType = text.plist.strings; name = en; path = en.lproj/InfoPlist.strings; sourceTree = "<group>"; };
		B00DEE39196A362C00DD6F61 /* main.m */ = {isa = PBXFileReference; lastKnownFileType = sourcecode.c.objc; path = main.m; sourceTree = "<group>"; };
		B00DEE3B196A362C00DD6F61 /* DemoCoreAnimation-Prefix.pch */ = {isa = PBXFileReference; lastKnownFileType = sourcecode.c.h; path = "DemoCoreAnimation-Prefix.pch"; sourceTree = "<group>"; };
		B00DEE3C196A362C00DD6F61 /* AppDelegate.h */ = {isa = PBXFileReference; lastKnownFileType = sourcecode.c.h; path = AppDelegate.h; sourceTree = "<group>"; };
		B00DEE3D196A362C00DD6F61 /* AppDelegate.m */ = {isa = PBXFileReference; lastKnownFileType = sourcecode.c.objc; path = AppDelegate.m; sourceTree = "<group>"; };
		B00DEE3F196A362C00DD6F61 /* Images.xcassets */ = {isa = PBXFileReference; lastKnownFileType = folder.assetcatalog; path = Images.xcassets; sourceTree = "<group>"; };
		B00DEE45196A362C00DD6F61 /* DemoCoreAnimationTests.xctest */ = {isa = PBXFileReference; explicitFileType = wrapper.cfbundle; includeInIndex = 0; path = DemoCoreAnimationTests.xctest; sourceTree = BUILT_PRODUCTS_DIR; };
		B00DEE46196A362C00DD6F61 /* XCTest.framework */ = {isa = PBXFileReference; lastKnownFileType = wrapper.framework; name = XCTest.framework; path = Library/Frameworks/XCTest.framework; sourceTree = DEVELOPER_DIR; };
		B00DEE4E196A362C00DD6F61 /* DemoCoreAnimationTests-Info.plist */ = {isa = PBXFileReference; lastKnownFileType = text.plist.xml; path = "DemoCoreAnimationTests-Info.plist"; sourceTree = "<group>"; };
		B00DEE50196A362C00DD6F61 /* en */ = {isa = PBXFileReference; lastKnownFileType = text.plist.strings; name = en; path = en.lproj/InfoPlist.strings; sourceTree = "<group>"; };
		B00DEE52196A362C00DD6F61 /* DemoCoreAnimationTests.m */ = {isa = PBXFileReference; lastKnownFileType = sourcecode.c.objc; path = DemoCoreAnimationTests.m; sourceTree = "<group>"; };
		B00DEE5C196A364300DD6F61 /* RootVC.h */ = {isa = PBXFileReference; fileEncoding = 4; lastKnownFileType = sourcecode.c.h; path = RootVC.h; sourceTree = "<group>"; };
		B00DEE5D196A364300DD6F61 /* RootVC.m */ = {isa = PBXFileReference; fileEncoding = 4; lastKnownFileType = sourcecode.c.objc; path = RootVC.m; sourceTree = "<group>"; };
		B0C901B6196A7426006960B9 /* FireworksView.h */ = {isa = PBXFileReference; fileEncoding = 4; lastKnownFileType = sourcecode.c.h; path = FireworksView.h; sourceTree = "<group>"; };
		B0C901B7196A7426006960B9 /* FireworksView.m */ = {isa = PBXFileReference; fileEncoding = 4; lastKnownFileType = sourcecode.c.objc; path = FireworksView.m; sourceTree = "<group>"; };
		B0C901B9196A742C006960B9 /* tspark.png */ = {isa = PBXFileReference; lastKnownFileType = image.png; path = tspark.png; sourceTree = "<group>"; };
		B0C901BA196A742C006960B9 /* fire.png */ = {isa = PBXFileReference; lastKnownFileType = image.png; path = fire.png; sourceTree = "<group>"; };
		B0C901BB196A742C006960B9 /* smoke.png */ = {isa = PBXFileReference; lastKnownFileType = image.png; path = smoke.png; sourceTree = "<group>"; };
/* End PBXFileReference section */

/* Begin PBXFrameworksBuildPhase section */
		B00DEE27196A362C00DD6F61 /* Frameworks */ = {
			isa = PBXFrameworksBuildPhase;
			buildActionMask = 2147483647;
			files = (
				B00DEE30196A362C00DD6F61 /* CoreGraphics.framework in Frameworks */,
				B00DEE32196A362C00DD6F61 /* UIKit.framework in Frameworks */,
				B00DEE2E196A362C00DD6F61 /* Foundation.framework in Frameworks */,
			);
			runOnlyForDeploymentPostprocessing = 0;
		};
		B00DEE42196A362C00DD6F61 /* Frameworks */ = {
			isa = PBXFrameworksBuildPhase;
			buildActionMask = 2147483647;
			files = (
				B00DEE47196A362C00DD6F61 /* XCTest.framework in Frameworks */,
				B00DEE49196A362C00DD6F61 /* UIKit.framework in Frameworks */,
				B00DEE48196A362C00DD6F61 /* Foundation.framework in Frameworks */,
			);
			runOnlyForDeploymentPostprocessing = 0;
		};
/* End PBXFrameworksBuildPhase section */

/* Begin PBXGroup section */
		B00DEE21196A362C00DD6F61 = {
			isa = PBXGroup;
			children = (
				B00DEE33196A362C00DD6F61 /* DemoCoreAnimation */,
				B00DEE4C196A362C00DD6F61 /* DemoCoreAnimationTests */,
				B00DEE2C196A362C00DD6F61 /* Frameworks */,
				B00DEE2B196A362C00DD6F61 /* Products */,
			);
			sourceTree = "<group>";
		};
		B00DEE2B196A362C00DD6F61 /* Products */ = {
			isa = PBXGroup;
			children = (
				B00DEE2A196A362C00DD6F61 /* DemoCoreAnimation.app */,
				B00DEE45196A362C00DD6F61 /* DemoCoreAnimationTests.xctest */,
			);
			name = Products;
			sourceTree = "<group>";
		};
		B00DEE2C196A362C00DD6F61 /* Frameworks */ = {
			isa = PBXGroup;
			children = (
				B00DEE2D196A362C00DD6F61 /* Foundation.framework */,
				B00DEE2F196A362C00DD6F61 /* CoreGraphics.framework */,
				B00DEE31196A362C00DD6F61 /* UIKit.framework */,
				B00DEE46196A362C00DD6F61 /* XCTest.framework */,
			);
			name = Frameworks;
			sourceTree = "<group>";
		};
		B00DEE33196A362C00DD6F61 /* DemoCoreAnimation */ = {
			isa = PBXGroup;
			children = (
				B00DEE3C196A362C00DD6F61 /* AppDelegate.h */,
				B00DEE3D196A362C00DD6F61 /* AppDelegate.m */,
				B00DEE5C196A364300DD6F61 /* RootVC.h */,
				B00DEE5D196A364300DD6F61 /* RootVC.m */,
				B0C901B6196A7426006960B9 /* FireworksView.h */,
				B0C901B7196A7426006960B9 /* FireworksView.m */,
				B0C901B9196A742C006960B9 /* tspark.png */,
				B0C901BA196A742C006960B9 /* fire.png */,
				B0C901BB196A742C006960B9 /* smoke.png */,
				B00DEE3F196A362C00DD6F61 /* Images.xcassets */,
				B00DEE34196A362C00DD6F61 /* Supporting Files */,
			);
			path = DemoCoreAnimation;
			sourceTree = "<group>";
		};
		B00DEE34196A362C00DD6F61 /* Supporting Files */ = {
			isa = PBXGroup;
			children = (
				B00DEE35196A362C00DD6F61 /* DemoCoreAnimation-Info.plist */,
				B00DEE36196A362C00DD6F61 /* InfoPlist.strings */,
				B00DEE39196A362C00DD6F61 /* main.m */,
				B00DEE3B196A362C00DD6F61 /* DemoCoreAnimation-Prefix.pch */,
			);
			name = "Supporting Files";
			sourceTree = "<group>";
		};
		B00DEE4C196A362C00DD6F61 /* DemoCoreAnimationTests */ = {
			isa = PBXGroup;
			children = (
				B00DEE52196A362C00DD6F61 /* DemoCoreAnimationTests.m */,
				B00DEE4D196A362C00DD6F61 /* Supporting Files */,
			);
			path = DemoCoreAnimationTests;
			sourceTree = "<group>";
		};
		B00DEE4D196A362C00DD6F61 /* Supporting Files */ = {
			isa = PBXGroup;
			children = (
				B00DEE4E196A362C00DD6F61 /* DemoCoreAnimationTests-Info.plist */,
				B00DEE4F196A362C00DD6F61 /* InfoPlist.strings */,
			);
			name = "Supporting Files";
			sourceTree = "<group>";
		};
/* End PBXGroup section */

/* Begin PBXNativeTarget section */
		B00DEE29196A362C00DD6F61 /* DemoCoreAnimation */ = {
			isa = PBXNativeTarget;
			buildConfigurationList = B00DEE56196A362C00DD6F61 /* Build configuration list for PBXNativeTarget "DemoCoreAnimation" */;
			buildPhases = (
				B00DEE26196A362C00DD6F61 /* Sources */,
				B00DEE27196A362C00DD6F61 /* Frameworks */,
				B00DEE28196A362C00DD6F61 /* Resources */,
			);
			buildRules = (
			);
			dependencies = (
			);
			name = DemoCoreAnimation;
			productName = DemoCoreAnimation;
			productReference = B00DEE2A196A362C00DD6F61 /* DemoCoreAnimation.app */;
			productType = "com.apple.product-type.application";
		};
		B00DEE44196A362C00DD6F61 /* DemoCoreAnimationTests */ = {
			isa = PBXNativeTarget;
			buildConfigurationList = B00DEE59196A362C00DD6F61 /* Build configuration list for PBXNativeTarget "DemoCoreAnimationTests" */;
			buildPhases = (
				B00DEE41196A362C00DD6F61 /* Sources */,
				B00DEE42196A362C00DD6F61 /* Frameworks */,
				B00DEE43196A362C00DD6F61 /* Resources */,
			);
			buildRules = (
			);
			dependencies = (
				B00DEE4B196A362C00DD6F61 /* PBXTargetDependency */,
			);
			name = DemoCoreAnimationTests;
			productName = DemoCoreAnimationTests;
			productReference = B00DEE45196A362C00DD6F61 /* DemoCoreAnimationTests.xctest */;
			productType = "com.apple.product-type.bundle.unit-test";
		};
/* End PBXNativeTarget section */

/* Begin PBXProject section */
		B00DEE22196A362C00DD6F61 /* Project object */ = {
			isa = PBXProject;
			attributes = {
				LastUpgradeCheck = 0510;
				ORGANIZATIONNAME = caigee;
				TargetAttributes = {
					B00DEE44196A362C00DD6F61 = {
						TestTargetID = B00DEE29196A362C00DD6F61;
					};
				};
			};
			buildConfigurationList = B00DEE25196A362C00DD6F61 /* Build configuration list for PBXProject "DemoCoreAnimation" */;
			compatibilityVersion = "Xcode 3.2";
			developmentRegion = English;
			hasScannedForEncodings = 0;
			knownRegions = (
				en,
			);
			mainGroup = B00DEE21196A362C00DD6F61;
			productRefGroup = B00DEE2B196A362C00DD6F61 /* Products */;
			projectDirPath = "";
			projectRoot = "";
			targets = (
				B00DEE29196A362C00DD6F61 /* DemoCoreAnimation */,
				B00DEE44196A362C00DD6F61 /* DemoCoreAnimationTests */,
			);
		};
/* End PBXProject section */

/* Begin PBXResourcesBuildPhase section */
		B00DEE28196A362C00DD6F61 /* Resources */ = {
			isa = PBXResourcesBuildPhase;
			buildActionMask = 2147483647;
			files = (
				B00DEE38196A362C00DD6F61 /* InfoPlist.strings in Resources */,
				B0C901BD196A742C006960B9 /* fire.png in Resources */,
				B0C901BE196A742C006960B9 /* smoke.png in Resources */,
				B00DEE40196A362C00DD6F61 /* Images.xcassets in Resources */,
				B0C901BC196A742C006960B9 /* tspark.png in Resources */,
			);
			runOnlyForDeploymentPostprocessing = 0;
		};
		B00DEE43196A362C00DD6F61 /* Resources */ = {
			isa = PBXResourcesBuildPhase;
			buildActionMask = 2147483647;
			files = (
				B00DEE51196A362C00DD6F61 /* InfoPlist.strings in Resources */,
			);
			runOnlyForDeploymentPostprocessing = 0;
		};
/* End PBXResourcesBuildPhase section */

/* Begin PBXSourcesBuildPhase section */
		B00DEE26196A362C00DD6F61 /* Sources */ = {
			isa = PBXSourcesBuildPhase;
			buildActionMask = 2147483647;
			files = (
				B00DEE5E196A364300DD6F61 /* RootVC.m in Sources */,
				B0C901B8196A7426006960B9 /* FireworksView.m in Sources */,
				B00DEE3E196A362C00DD6F61 /* AppDelegate.m in Sources */,
				B00DEE3A196A362C00DD6F61 /* main.m in Sources */,
			);
			runOnlyForDeploymentPostprocessing = 0;
		};
		B00DEE41196A362C00DD6F61 /* Sources */ = {
			isa = PBXSourcesBuildPhase;
			buildActionMask = 2147483647;
			files = (
				B00DEE53196A362C00DD6F61 /* DemoCoreAnimationTests.m in Sources */,
			);
			runOnlyForDeploymentPostprocessing = 0;
		};
/* End PBXSourcesBuildPhase section */

/* Begin PBXTargetDependency section */
		B00DEE4B196A362C00DD6F61 /* PBXTargetDependency */ = {
			isa = PBXTargetDependency;
			target = B00DEE29196A362C00DD6F61 /* DemoCoreAnimation */;
			targetProxy = B00DEE4A196A362C00DD6F61 /* PBXContainerItemProxy */;
		};
/* End PBXTargetDependency section */

/* Begin PBXVariantGroup section */
		B00DEE36196A362C00DD6F61 /* InfoPlist.strings */ = {
			isa = PBXVariantGroup;
			children = (
				B00DEE37196A362C00DD6F61 /* en */,
			);
			name = InfoPlist.strings;
			sourceTree = "<group>";
		};
		B00DEE4F196A362C00DD6F61 /* InfoPlist.strings */ = {
			isa = PBXVariantGroup;
			children = (
				B00DEE50196A362C00DD6F61 /* en */,
			);
			name = InfoPlist.strings;
			sourceTree = "<group>";
		};
/* End PBXVariantGroup section */

/* Begin XCBuildConfiguration section */
		B00DEE54196A362C00DD6F61 /* Debug */ = {
			isa = XCBuildConfiguration;
			buildSettings = {
				ALWAYS_SEARCH_USER_PATHS = NO;
				CLANG_CXX_LANGUAGE_STANDARD = "gnu++0x";
				CLANG_CXX_LIBRARY = "libc++";
				CLANG_ENABLE_MODULES = YES;
				CLANG_ENABLE_OBJC_ARC = YES;
				CLANG_WARN_BOOL_CONVERSION = YES;
				CLANG_WARN_CONSTANT_CONVERSION = YES;
				CLANG_WARN_DIRECT_OBJC_ISA_USAGE = YES_ERROR;
				CLANG_WARN_EMPTY_BODY = YES;
				CLANG_WARN_ENUM_CONVERSION = YES;
				CLANG_WARN_INT_CONVERSION = YES;
				CLANG_WARN_OBJC_ROOT_CLASS = YES_ERROR;
				CLANG_WARN__DUPLICATE_METHOD_MATCH = YES;
				"CODE_SIGN_IDENTITY[sdk=iphoneos*]" = "iPhone Developer";
				COPY_PHASE_STRIP = NO;
				GCC_C_LANGUAGE_STANDARD = gnu99;
				GCC_DYNAMIC_NO_PIC = NO;
				GCC_OPTIMIZATION_LEVEL = 0;
				GCC_PREPROCESSOR_DEFINITIONS = (
					"DEBUG=1",
					"$(inherited)",
				);
				GCC_SYMBOLS_PRIVATE_EXTERN = NO;
				GCC_WARN_64_TO_32_BIT_CONVERSION = YES;
				GCC_WARN_ABOUT_RETURN_TYPE = YES_ERROR;
				GCC_WARN_UNDECLARED_SELECTOR = YES;
				GCC_WARN_UNINITIALIZED_AUTOS = YES_AGGRESSIVE;
				GCC_WARN_UNUSED_FUNCTION = YES;
				GCC_WARN_UNUSED_VARIABLE = YES;
				IPHONEOS_DEPLOYMENT_TARGET = 7.1;
				ONLY_ACTIVE_ARCH = YES;
				SDKROOT = iphoneos;
			};
			name = Debug;
		};
		B00DEE55196A362C00DD6F61 /* Release */ = {
			isa = XCBuildConfiguration;
			buildSettings = {
				ALWAYS_SEARCH_USER_PATHS = NO;
				CLANG_CXX_LANGUAGE_STANDARD = "gnu++0x";
				CLANG_CXX_LIBRARY = "libc++";
				CLANG_ENABLE_MODULES = YES;
				CLANG_ENABLE_OBJC_ARC = YES;
				CLANG_WARN_BOOL_CONVERSION = YES;
				CLANG_WARN_CONSTANT_CONVERSION = YES;
				CLANG_WARN_DIRECT_OBJC_ISA_USAGE = YES_ERROR;
				CLANG_WARN_EMPTY_BODY = YES;
				CLANG_WARN_ENUM_CONVERSION = YES;
				CLANG_WARN_INT_CONVERSION = YES;
				CLANG_WARN_OBJC_ROOT_CLASS = YES_ERROR;
				CLANG_WARN__DUPLICATE_METHOD_MATCH = YES;
				"CODE_SIGN_IDENTITY[sdk=iphoneos*]" = "iPhone Developer";
				COPY_PHASE_STRIP = YES;
				ENABLE_NS_ASSERTIONS = NO;
				GCC_C_LANGUAGE_STANDARD = gnu99;
				GCC_WARN_64_TO_32_BIT_CONVERSION = YES;
				GCC_WARN_ABOUT_RETURN_TYPE = YES_ERROR;
				GCC_WARN_UNDECLARED_SELECTOR = YES;
				GCC_WARN_UNINITIALIZED_AUTOS = YES_AGGRESSIVE;
				GCC_WARN_UNUSED_FUNCTION = YES;
				GCC_WARN_UNUSED_VARIABLE = YES;
				IPHONEOS_DEPLOYMENT_TARGET = 7.1;
				SDKROOT = iphoneos;
				VALIDATE_PRODUCT = YES;
			};
			name = Release;
		};
		B00DEE57196A362C00DD6F61 /* Debug */ = {
			isa = XCBuildConfiguration;
			buildSettings = {
				ASSETCATALOG_COMPILER_APPICON_NAME = AppIcon;
				ASSETCATALOG_COMPILER_LAUNCHIMAGE_NAME = LaunchImage;
				GCC_PRECOMPILE_PREFIX_HEADER = YES;
				GCC_PREFIX_HEADER = "DemoCoreAnimation/DemoCoreAnimation-Prefix.pch";
				INFOPLIST_FILE = "DemoCoreAnimation/DemoCoreAnimation-Info.plist";
				PRODUCT_NAME = "$(TARGET_NAME)";
				WRAPPER_EXTENSION = app;
			};
			name = Debug;
		};
		B00DEE58196A362C00DD6F61 /* Release */ = {
			isa = XCBuildConfiguration;
			buildSettings = {
				ASSETCATALOG_COMPILER_APPICON_NAME = AppIcon;
				ASSETCATALOG_COMPILER_LAUNCHIMAGE_NAME = LaunchImage;
				GCC_PRECOMPILE_PREFIX_HEADER = YES;
				GCC_PREFIX_HEADER = "DemoCoreAnimation/DemoCoreAnimation-Prefix.pch";
				INFOPLIST_FILE = "DemoCoreAnimation/DemoCoreAnimation-Info.plist";
				PRODUCT_NAME = "$(TARGET_NAME)";
				WRAPPER_EXTENSION = app;
			};
			name = Release;
		};
		B00DEE5A196A362C00DD6F61 /* Debug */ = {
			isa = XCBuildConfiguration;
			buildSettings = {
				BUNDLE_LOADER = "$(BUILT_PRODUCTS_DIR)/DemoCoreAnimation.app/DemoCoreAnimation";
				FRAMEWORK_SEARCH_PATHS = (
					"$(SDKROOT)/Developer/Library/Frameworks",
					"$(inherited)",
					"$(DEVELOPER_FRAMEWORKS_DIR)",
				);
				GCC_PRECOMPILE_PREFIX_HEADER = YES;
				GCC_PREFIX_HEADER = "DemoCoreAnimation/DemoCoreAnimation-Prefix.pch";
				GCC_PREPROCESSOR_DEFINITIONS = (
					"DEBUG=1",
					"$(inherited)",
				);
				INFOPLIST_FILE = "DemoCoreAnimationTests/DemoCoreAnimationTests-Info.plist";
				PRODUCT_NAME = "$(TARGET_NAME)";
				TEST_HOST = "$(BUNDLE_LOADER)";
				WRAPPER_EXTENSION = xctest;
			};
			name = Debug;
		};
		B00DEE5B196A362C00DD6F61 /* Release */ = {
			isa = XCBuildConfiguration;
			buildSettings = {
				BUNDLE_LOADER = "$(BUILT_PRODUCTS_DIR)/DemoCoreAnimation.app/DemoCoreAnimation";
				FRAMEWORK_SEARCH_PATHS = (
					"$(SDKROOT)/Developer/Library/Frameworks",
					"$(inherited)",
					"$(DEVELOPER_FRAMEWORKS_DIR)",
				);
				GCC_PRECOMPILE_PREFIX_HEADER = YES;
				GCC_PREFIX_HEADER = "DemoCoreAnimation/DemoCoreAnimation-Prefix.pch";
				INFOPLIST_FILE = "DemoCoreAnimationTests/DemoCoreAnimationTests-Info.plist";
				PRODUCT_NAME = "$(TARGET_NAME)";
				TEST_HOST = "$(BUNDLE_LOADER)";
				WRAPPER_EXTENSION = xctest;
			};
			name = Release;
		};
/* End XCBuildConfiguration section */

/* Begin XCConfigurationList section */
		B00DEE25196A362C00DD6F61 /* Build configuration list for PBXProject "DemoCoreAnimation" */ = {
			isa = XCConfigurationList;
			buildConfigurations = (
				B00DEE54196A362C00DD6F61 /* Debug */,
				B00DEE55196A362C00DD6F61 /* Release */,
			);
			defaultConfigurationIsVisible = 0;
			defaultConfigurationName = Release;
		};
		B00DEE56196A362C00DD6F61 /* Build configuration list for PBXNativeTarget "DemoCoreAnimation" */ = {
			isa = XCConfigurationList;
			buildConfigurations = (
				B00DEE57196A362C00DD6F61 /* Debug */,
				B00DEE58196A362C00DD6F61 /* Release */,
			);
			defaultConfigurationIsVisible = 0;
			defaultConfigurationName = Release;
		};
		B00DEE59196A362C00DD6F61 /* Build configuration list for PBXNativeTarget "DemoCoreAnimationTests" */ = {
			isa = XCConfigurationList;
			buildConfigurations = (
				B00DEE5A196A362C00DD6F61 /* Debug */,
				B00DEE5B196A362C00DD6F61 /* Release */,
			);
			defaultConfigurationIsVisible = 0;
			defaultConfigurationName = Release;
		};
/* End XCConfigurationList section */
	};
	rootObject = B00DEE22196A362C00DD6F61 /* Project object */;
}
